
Microsoft Visual Studio Solution File, Format Version 12.00
# Visual Studio Version 16
VisualStudioVersion = 16.0.32228.343
MinimumVisualStudioVersion = 10.0.40219.1
Project("{FAE04EC0-301F-11D3-BF4B-00C04F79EFBC}") = "AddedHomeWork1", "AddedHomeWork1\AddedHomeWork1.csproj", "{0FB8D48E-847E-4285-ADFA-D32B40E42AEF}"
EndProject
Global
	GlobalSection(SolutionConfigurationPlatforms) = preSolution
		Debug|Any CPU = Debug|Any CPU
		Release|Any CPU = Release|Any CPU
	EndGlobalSection
	GlobalSection(ProjectConfigurationPlatforms) = postSolution
		{0FB8D48E-847E-4285-ADFA-D32B40E42AEF}.Debug|Any CPU.ActiveCfg = Debug|Any CPU
		{0FB8D48E-847E-4285-ADFA-D32B40E42AEF}.Debug|Any CPU.Build.0 = Debug|Any CPU
		{0FB8D48E-847E-4285-ADFA-D32B40E42AEF}.Release|Any CPU.ActiveCfg = Release|Any CPU
		{0FB8D48E-847E-4285-ADFA-D32B40E42AEF}.Release|Any CPU.Build.0 = Release|Any CPU
	EndGlobalSection
	GlobalSection(SolutionProperties) = preSolution
		HideSolutionNode = FALSE
	EndGlobalSection
	GlobalSection(ExtensibilityGlobals) = postSolution
		SolutionGuid = {CE07E7AE-9489-4D88-8604-F088163A0006}
	EndGlobalSection
EndGlobal
